// !$*UTF8*$!
{
	archiveVersion = 1;
	classes = {
	};
	objectVersion = 56;
	objects = {

/* Begin PBXBuildFile section */
		6C85FA012B446C7900F65170 /* ReciparseApp.swift in Sources */ = {isa = PBXBuildFile; fileRef = 6C85FA002B446C7900F65170 /* ReciparseApp.swift */; };
		6C85FA032B446C7900F65170 /* ContentView.swift in Sources */ = {isa = PBXBuildFile; fileRef = 6C85FA022B446C7900F65170 /* ContentView.swift */; };
		6C85FA052B446C7B00F65170 /* Assets.xcassets in Resources */ = {isa = PBXBuildFile; fileRef = 6C85FA042B446C7B00F65170 /* Assets.xcassets */; };
		6C85FA082B446C7B00F65170 /* Preview Assets.xcassets in Resources */ = {isa = PBXBuildFile; fileRef = 6C85FA072B446C7B00F65170 /* Preview Assets.xcassets */; };
		6C85FA0F2B446CD300F65170 /* IngredientParser.mlmodel in Sources */ = {isa = PBXBuildFile; fileRef = 6C85FA0E2B446CD300F65170 /* IngredientParser.mlmodel */; };
		6C85FA112B44706100F65170 /* AppViewModel.swift in Sources */ = {isa = PBXBuildFile; fileRef = 6C85FA102B44706100F65170 /* AppViewModel.swift */; };
		6C85FA132B44739500F65170 /* DataScannerView.swift in Sources */ = {isa = PBXBuildFile; fileRef = 6C85FA122B44739500F65170 /* DataScannerView.swift */; };
		6C85FA192B46D10D00F65170 /* ParsingTest.swift in Sources */ = {isa = PBXBuildFile; fileRef = 6C85FA182B46D10D00F65170 /* ParsingTest.swift */; };
		F32249122B4F2E32008A82B1 /* Reciparser.mlpackage in Sources */ = {isa = PBXBuildFile; fileRef = F32249112B4F2E32008A82B1 /* Reciparser.mlpackage */; };
/* End PBXBuildFile section */

/* Begin PBXFileReference section */
		6C85F9FD2B446C7900F65170 /* Reciparse.app */ = {isa = PBXFileReference; explicitFileType = wrapper.application; includeInIndex = 0; path = Reciparse.app; sourceTree = BUILT_PRODUCTS_DIR; };
		6C85FA002B446C7900F65170 /* ReciparseApp.swift */ = {isa = PBXFileReference; lastKnownFileType = sourcecode.swift; path = ReciparseApp.swift; sourceTree = "<group>"; };
		6C85FA022B446C7900F65170 /* ContentView.swift */ = {isa = PBXFileReference; lastKnownFileType = sourcecode.swift; path = ContentView.swift; sourceTree = "<group>"; };
		6C85FA042B446C7B00F65170 /* Assets.xcassets */ = {isa = PBXFileReference; lastKnownFileType = folder.assetcatalog; path = Assets.xcassets; sourceTree = "<group>"; };
		6C85FA072B446C7B00F65170 /* Preview Assets.xcassets */ = {isa = PBXFileReference; lastKnownFileType = folder.assetcatalog; path = "Preview Assets.xcassets"; sourceTree = "<group>"; };
		6C85FA0E2B446CD300F65170 /* IngredientParser.mlmodel */ = {isa = PBXFileReference; lastKnownFileType = file.mlmodel; path = IngredientParser.mlmodel; sourceTree = "<group>"; };
		6C85FA102B44706100F65170 /* AppViewModel.swift */ = {isa = PBXFileReference; lastKnownFileType = sourcecode.swift; path = AppViewModel.swift; sourceTree = "<group>"; };
		6C85FA122B44739500F65170 /* DataScannerView.swift */ = {isa = PBXFileReference; lastKnownFileType = sourcecode.swift; path = DataScannerView.swift; sourceTree = "<group>"; };
		6C85FA182B46D10D00F65170 /* ParsingTest.swift */ = {isa = PBXFileReference; lastKnownFileType = sourcecode.swift; path = ParsingTest.swift; sourceTree = "<group>"; };
		6CE5F8692B4F18720022FCB2 /* Parser.playground */ = {isa = PBXFileReference; lastKnownFileType = file.playground; path = Parser.playground; sourceTree = "<group>"; xcLanguageSpecificationIdentifier = xcode.lang.swift; };
		F32249112B4F2E32008A82B1 /* Reciparser.mlpackage */ = {isa = PBXFileReference; lastKnownFileType = folder.mlpackage; path = Reciparser.mlpackage; sourceTree = "<group>"; };
/* End PBXFileReference section */

/* Begin PBXFrameworksBuildPhase section */
		6C85F9FA2B446C7900F65170 /* Frameworks */ = {
			isa = PBXFrameworksBuildPhase;
			buildActionMask = 2147483647;
			files = (
			);
			runOnlyForDeploymentPostprocessing = 0;
		};
/* End PBXFrameworksBuildPhase section */

/* Begin PBXGroup section */
		6C85F9F42B446C7900F65170 = {
			isa = PBXGroup;
			children = (
				6C85F9FF2B446C7900F65170 /* Reciparse */,
				6C85F9FE2B446C7900F65170 /* Products */,
			);
			sourceTree = "<group>";
		};
		6C85F9FE2B446C7900F65170 /* Products */ = {
			isa = PBXGroup;
			children = (
				6C85F9FD2B446C7900F65170 /* Reciparse.app */,
			);
			name = Products;
			sourceTree = "<group>";
		};
		6C85F9FF2B446C7900F65170 /* Reciparse */ = {
			isa = PBXGroup;
			children = (
				6C85FA0E2B446CD300F65170 /* IngredientParser.mlmodel */,
				F32249112B4F2E32008A82B1 /* Reciparser.mlpackage */,
				6C85FA002B446C7900F65170 /* ReciparseApp.swift */,
				6C85FA022B446C7900F65170 /* ContentView.swift */,
				6CE5F8692B4F18720022FCB2 /* Parser.playground */,
				6C85FA122B44739500F65170 /* DataScannerView.swift */,
				6C85FA182B46D10D00F65170 /* ParsingTest.swift */,
				6C85FA042B446C7B00F65170 /* Assets.xcassets */,
				6C85FA062B446C7B00F65170 /* Preview Content */,
				6C85FA102B44706100F65170 /* AppViewModel.swift */,
			);
			path = Reciparse;
			sourceTree = "<group>";
		};
		6C85FA062B446C7B00F65170 /* Preview Content */ = {
			isa = PBXGroup;
			children = (
				6C85FA072B446C7B00F65170 /* Preview Assets.xcassets */,
			);
			path = "Preview Content";
			sourceTree = "<group>";
		};
/* End PBXGroup section */

/* Begin PBXNativeTarget section */
		6C85F9FC2B446C7900F65170 /* Reciparse */ = {
			isa = PBXNativeTarget;
			buildConfigurationList = 6C85FA0B2B446C7B00F65170 /* Build configuration list for PBXNativeTarget "Reciparse" */;
			buildPhases = (
				6C85F9F92B446C7900F65170 /* Sources */,
				6C85F9FA2B446C7900F65170 /* Frameworks */,
				6C85F9FB2B446C7900F65170 /* Resources */,
			);
			buildRules = (
			);
			dependencies = (
			);
			name = Reciparse;
			productName = Reciparse;
			productReference = 6C85F9FD2B446C7900F65170 /* Reciparse.app */;
			productType = "com.apple.product-type.application";
		};
/* End PBXNativeTarget section */

/* Begin PBXProject section */
		6C85F9F52B446C7900F65170 /* Project object */ = {
			isa = PBXProject;
			attributes = {
				BuildIndependentTargetsInParallel = 1;
				LastSwiftUpdateCheck = 1510;
				LastUpgradeCheck = 1510;
				TargetAttributes = {
					6C85F9FC2B446C7900F65170 = {
						CreatedOnToolsVersion = 15.1;
					};
				};
			};
			buildConfigurationList = 6C85F9F82B446C7900F65170 /* Build configuration list for PBXProject "Reciparse" */;
			compatibilityVersion = "Xcode 14.0";
			developmentRegion = en;
			hasScannedForEncodings = 0;
			knownRegions = (
				en,
				Base,
			);
			mainGroup = 6C85F9F42B446C7900F65170;
			productRefGroup = 6C85F9FE2B446C7900F65170 /* Products */;
			projectDirPath = "";
			projectRoot = "";
			targets = (
				6C85F9FC2B446C7900F65170 /* Reciparse */,
			);
		};
/* End PBXProject section */

/* Begin PBXResourcesBuildPhase section */
		6C85F9FB2B446C7900F65170 /* Resources */ = {
			isa = PBXResourcesBuildPhase;
			buildActionMask = 2147483647;
			files = (
				6C85FA082B446C7B00F65170 /* Preview Assets.xcassets in Resources */,
				6C85FA052B446C7B00F65170 /* Assets.xcassets in Resources */,
			);
			runOnlyForDeploymentPostprocessing = 0;
		};
/* End PBXResourcesBuildPhase section */

/* Begin PBXSourcesBuildPhase section */
		6C85F9F92B446C7900F65170 /* Sources */ = {
			isa = PBXSourcesBuildPhase;
			buildActionMask = 2147483647;
			files = (
				6C85FA0F2B446CD300F65170 /* IngredientParser.mlmodel in Sources */,
				6C85FA132B44739500F65170 /* DataScannerView.swift in Sources */,
				6C85FA032B446C7900F65170 /* ContentView.swift in Sources */,
				6C85FA112B44706100F65170 /* AppViewModel.swift in Sources */,
				6C85FA192B46D10D00F65170 /* ParsingTest.swift in Sources */,
				6C85FA012B446C7900F65170 /* ReciparseApp.swift in Sources */,
				F32249122B4F2E32008A82B1 /* Reciparser.mlpackage in Sources */,
			);
			runOnlyForDeploymentPostprocessing = 0;
		};
/* End PBXSourcesBuildPhase section */

/* Begin XCBuildConfiguration section */
		6C85FA092B446C7B00F65170 /* Debug */ = {
			isa = XCBuildConfiguration;
			buildSettings = {
				ALWAYS_SEARCH_USER_PATHS = NO;
				ASSETCATALOG_COMPILER_GENERATE_SWIFT_ASSET_SYMBOL_EXTENSIONS = YES;
				CLANG_ANALYZER_NONNULL = YES;
				CLANG_ANALYZER_NUMBER_OBJECT_CONVERSION = YES_AGGRESSIVE;
				CLANG_CXX_LANGUAGE_STANDARD = "gnu++20";
				CLANG_ENABLE_MODULES = YES;
				CLANG_ENABLE_OBJC_ARC = YES;
				CLANG_ENABLE_OBJC_WEAK = YES;
				CLANG_WARN_BLOCK_CAPTURE_AUTORELEASING = YES;
				CLANG_WARN_BOOL_CONVERSION = YES;
				CLANG_WARN_COMMA = YES;
				CLANG_WARN_CONSTANT_CONVERSION = YES;
				CLANG_WARN_DEPRECATED_OBJC_IMPLEMENTATIONS = YES;
				CLANG_WARN_DIRECT_OBJC_ISA_USAGE = YES_ERROR;
				CLANG_WARN_DOCUMENTATION_COMMENTS = YES;
				CLANG_WARN_EMPTY_BODY = YES;
				CLANG_WARN_ENUM_CONVERSION = YES;
				CLANG_WARN_INFINITE_RECURSION = YES;
				CLANG_WARN_INT_CONVERSION = YES;
				CLANG_WARN_NON_LITERAL_NULL_CONVERSION = YES;
				CLANG_WARN_OBJC_IMPLICIT_RETAIN_SELF = YES;
				CLANG_WARN_OBJC_LITERAL_CONVERSION = YES;
				CLANG_WARN_OBJC_ROOT_CLASS = YES_ERROR;
				CLANG_WARN_QUOTED_INCLUDE_IN_FRAMEWORK_HEADER = YES;
				CLANG_WARN_RANGE_LOOP_ANALYSIS = YES;
				CLANG_WARN_STRICT_PROTOTYPES = YES;
				CLANG_WARN_SUSPICIOUS_MOVE = YES;
				CLANG_WARN_UNGUARDED_AVAILABILITY = YES_AGGRESSIVE;
				CLANG_WARN_UNREACHABLE_CODE = YES;
				CLANG_WARN__DUPLICATE_METHOD_MATCH = YES;
				COPY_PHASE_STRIP = NO;
				DEBUG_INFORMATION_FORMAT = dwarf;
				ENABLE_STRICT_OBJC_MSGSEND = YES;
				ENABLE_TESTABILITY = YES;
				ENABLE_USER_SCRIPT_SANDBOXING = YES;
				GCC_C_LANGUAGE_STANDARD = gnu17;
				GCC_DYNAMIC_NO_PIC = NO;
				GCC_NO_COMMON_BLOCKS = YES;
				GCC_OPTIMIZATION_LEVEL = 0;
				GCC_PREPROCESSOR_DEFINITIONS = (
					"DEBUG=1",
					"$(inherited)",
				);
				GCC_WARN_64_TO_32_BIT_CONVERSION = YES;
				GCC_WARN_ABOUT_RETURN_TYPE = YES_ERROR;
				GCC_WARN_UNDECLARED_SELECTOR = YES;
				GCC_WARN_UNINITIALIZED_AUTOS = YES_AGGRESSIVE;
				GCC_WARN_UNUSED_FUNCTION = YES;
				GCC_WARN_UNUSED_VARIABLE = YES;
				IPHONEOS_DEPLOYMENT_TARGET = 17.2;
				LOCALIZATION_PREFERS_STRING_CATALOGS = YES;
				MTL_ENABLE_DEBUG_INFO = INCLUDE_SOURCE;
				MTL_FAST_MATH = YES;
				ONLY_ACTIVE_ARCH = YES;
				SDKROOT = iphoneos;
				SWIFT_ACTIVE_COMPILATION_CONDITIONS = "DEBUG $(inherited)";
				SWIFT_OPTIMIZATION_LEVEL = "-Onone";
			};
			name = Debug;
		};
		6C85FA0A2B446C7B00F65170 /* Release */ = {
			isa = XCBuildConfiguration;
			buildSettings = {
				ALWAYS_SEARCH_USER_PATHS = NO;
				ASSETCATALOG_COMPILER_GENERATE_SWIFT_ASSET_SYMBOL_EXTENSIONS = YES;
				CLANG_ANALYZER_NONNULL = YES;
				CLANG_ANALYZER_NUMBER_OBJECT_CONVERSION = YES_AGGRESSIVE;
				CLANG_CXX_LANGUAGE_STANDARD = "gnu++20";
				CLANG_ENABLE_MODULES = YES;
				CLANG_ENABLE_OBJC_ARC = YES;
				CLANG_ENABLE_OBJC_WEAK = YES;
				CLANG_WARN_BLOCK_CAPTURE_AUTORELEASING = YES;
				CLANG_WARN_BOOL_CONVERSION = YES;
				CLANG_WARN_COMMA = YES;
				CLANG_WARN_CONSTANT_CONVERSION = YES;
				CLANG_WARN_DEPRECATED_OBJC_IMPLEMENTATIONS = YES;
				CLANG_WARN_DIRECT_OBJC_ISA_USAGE = YES_ERROR;
				CLANG_WARN_DOCUMENTATION_COMMENTS = YES;
				CLANG_WARN_EMPTY_BODY = YES;
				CLANG_WARN_ENUM_CONVERSION = YES;
				CLANG_WARN_INFINITE_RECURSION = YES;
				CLANG_WARN_INT_CONVERSION = YES;
				CLANG_WARN_NON_LITERAL_NULL_CONVERSION = YES;
				CLANG_WARN_OBJC_IMPLICIT_RETAIN_SELF = YES;
				CLANG_WARN_OBJC_LITERAL_CONVERSION = YES;
				CLANG_WARN_OBJC_ROOT_CLASS = YES_ERROR;
				CLANG_WARN_QUOTED_INCLUDE_IN_FRAMEWORK_HEADER = YES;
				CLANG_WARN_RANGE_LOOP_ANALYSIS = YES;
				CLANG_WARN_STRICT_PROTOTYPES = YES;
				CLANG_WARN_SUSPICIOUS_MOVE = YES;
				CLANG_WARN_UNGUARDED_AVAILABILITY = YES_AGGRESSIVE;
				CLANG_WARN_UNREACHABLE_CODE = YES;
				CLANG_WARN__DUPLICATE_METHOD_MATCH = YES;
				COPY_PHASE_STRIP = NO;
				DEBUG_INFORMATION_FORMAT = "dwarf-with-dsym";
				ENABLE_NS_ASSERTIONS = NO;
				ENABLE_STRICT_OBJC_MSGSEND = YES;
				ENABLE_USER_SCRIPT_SANDBOXING = YES;
				GCC_C_LANGUAGE_STANDARD = gnu17;
				GCC_NO_COMMON_BLOCKS = YES;
				GCC_WARN_64_TO_32_BIT_CONVERSION = YES;
				GCC_WARN_ABOUT_RETURN_TYPE = YES_ERROR;
				GCC_WARN_UNDECLARED_SELECTOR = YES;
				GCC_WARN_UNINITIALIZED_AUTOS = YES_AGGRESSIVE;
				GCC_WARN_UNUSED_FUNCTION = YES;
				GCC_WARN_UNUSED_VARIABLE = YES;
				IPHONEOS_DEPLOYMENT_TARGET = 17.2;
				LOCALIZATION_PREFERS_STRING_CATALOGS = YES;
				MTL_ENABLE_DEBUG_INFO = NO;
				MTL_FAST_MATH = YES;
				SDKROOT = iphoneos;
				SWIFT_COMPILATION_MODE = wholemodule;
				VALIDATE_PRODUCT = YES;
			};
			name = Release;
		};
		6C85FA0C2B446C7B00F65170 /* Debug */ = {
			isa = XCBuildConfiguration;
			buildSettings = {
				ASSETCATALOG_COMPILER_APPICON_NAME = AppIcon;
				ASSETCATALOG_COMPILER_GLOBAL_ACCENT_COLOR_NAME = AccentColor;
				CODE_SIGN_STYLE = Automatic;
				CURRENT_PROJECT_VERSION = 1;
				DEVELOPMENT_ASSET_PATHS = "\"Reciparse/Preview Content\"";
				DEVELOPMENT_TEAM = CHDRV59J5N;
				ENABLE_PREVIEWS = YES;
				GENERATE_INFOPLIST_FILE = YES;
				INFOPLIST_KEY_NSCameraUsageDescription = "The app needs camera access to scan recipes.";
				INFOPLIST_KEY_UIApplicationSceneManifest_Generation = YES;
				INFOPLIST_KEY_UIApplicationSupportsIndirectInputEvents = YES;
				INFOPLIST_KEY_UILaunchScreen_Generation = YES;
				INFOPLIST_KEY_UISupportedInterfaceOrientations_iPad = "UIInterfaceOrientationPortrait UIInterfaceOrientationPortraitUpsideDown UIInterfaceOrientationLandscapeLeft UIInterfaceOrientationLandscapeRight";
				INFOPLIST_KEY_UISupportedInterfaceOrientations_iPhone = "UIInterfaceOrientationPortrait UIInterfaceOrientationLandscapeLeft UIInterfaceOrientationLandscapeRight";
				LD_RUNPATH_SEARCH_PATHS = (
					"$(inherited)",
					"@executable_path/Frameworks",
				);
				MARKETING_VERSION = 1.0;
				PRODUCT_BUNDLE_IDENTIFIER = com.orriarnors.Reciparse;
				PRODUCT_NAME = "$(TARGET_NAME)";
				SWIFT_EMIT_LOC_STRINGS = YES;
				SWIFT_VERSION = 5.0;
				TARGETED_DEVICE_FAMILY = "1,2";
			};
			name = Debug;
		};
		6C85FA0D2B446C7B00F65170 /* Release */ = {
			isa = XCBuildConfiguration;
			buildSettings = {
				ASSETCATALOG_COMPILER_APPICON_NAME = AppIcon;
				ASSETCATALOG_COMPILER_GLOBAL_ACCENT_COLOR_NAME = AccentColor;
				CODE_SIGN_STYLE = Automatic;
				CURRENT_PROJECT_VERSION = 1;
				DEVELOPMENT_ASSET_PATHS = "\"Reciparse/Preview Content\"";
				DEVELOPMENT_TEAM = CHDRV59J5N;
				ENABLE_PREVIEWS = YES;
				GENERATE_INFOPLIST_FILE = YES;
				INFOPLIST_KEY_NSCameraUsageDescription = "The app needs camera access to scan recipes.";
				INFOPLIST_KEY_UIApplicationSceneManifest_Generation = YES;
				INFOPLIST_KEY_UIApplicationSupportsIndirectInputEvents = YES;
				INFOPLIST_KEY_UILaunchScreen_Generation = YES;
				INFOPLIST_KEY_UISupportedInterfaceOrientations_iPad = "UIInterfaceOrientationPortrait UIInterfaceOrientationPortraitUpsideDown UIInterfaceOrientationLandscapeLeft UIInterfaceOrientationLandscapeRight";
				INFOPLIST_KEY_UISupportedInterfaceOrientations_iPhone = "UIInterfaceOrientationPortrait UIInterfaceOrientationLandscapeLeft UIInterfaceOrientationLandscapeRight";
				LD_RUNPATH_SEARCH_PATHS = (
					"$(inherited)",
					"@executable_path/Frameworks",
				);
				MARKETING_VERSION = 1.0;
				PRODUCT_BUNDLE_IDENTIFIER = com.orriarnors.Reciparse;
				PRODUCT_NAME = "$(TARGET_NAME)";
				SWIFT_EMIT_LOC_STRINGS = YES;
				SWIFT_VERSION = 5.0;
				TARGETED_DEVICE_FAMILY = "1,2";
			};
			name = Release;
		};
/* End XCBuildConfiguration section */

/* Begin XCConfigurationList section */
		6C85F9F82B446C7900F65170 /* Build configuration list for PBXProject "Reciparse" */ = {
			isa = XCConfigurationList;
			buildConfigurations = (
				6C85FA092B446C7B00F65170 /* Debug */,
				6C85FA0A2B446C7B00F65170 /* Release */,
			);
			defaultConfigurationIsVisible = 0;
			defaultConfigurationName = Release;
		};
		6C85FA0B2B446C7B00F65170 /* Build configuration list for PBXNativeTarget "Reciparse" */ = {
			isa = XCConfigurationList;
			buildConfigurations = (
				6C85FA0C2B446C7B00F65170 /* Debug */,
				6C85FA0D2B446C7B00F65170 /* Release */,
			);
			defaultConfigurationIsVisible = 0;
			defaultConfigurationName = Release;
		};
/* End XCConfigurationList section */
	};
	rootObject = 6C85F9F52B446C7900F65170 /* Project object */;
}
